{
  "name": "tvc15-app",
  "version": "0.0.0",
  "lockfileVersion": 3,
  "requires": true,
  "packages": {
    "": {
      "name": "tvc15-app",
      "version": "0.0.0",
      "dependencies": {
        "@capacitor/android": "^6.0.0",
        "@capacitor/cli": "^6.0.0",
        "@capacitor/core": "^6.0.0",
        "react": "19.0.0",
        "react-dom": "19.0.0",
        "react-router": "^7.5.3",
        "lucide-react": "^0.510.0"
      }
    }
  }
}
